// !$*UTF8*$!
{
	archiveVersion = 1;
	classes = {
	};
	objectVersion = 50;
	objects = {

/* Begin PBXBuildFile section */
		58B161DDE3389A3C87AEE598 /* libPods-Example.a in Frameworks */ = {isa = PBXBuildFile; fileRef = 66FE20E44A286CE095158F4D /* libPods-Example.a */; };
		6738F9D80202C672A7082C9F /* libPods-ExampleTests.a in Frameworks */ = {isa = PBXBuildFile; fileRef = 5C136D953D8D74A2B395C87E /* libPods-ExampleTests.a */; };
		B76A783024ECF26800D03909 /* AppDelegate.m in Sources */ = {isa = PBXBuildFile; fileRef = B76A782F24ECF26800D03909 /* AppDelegate.m */; };
		B76A783324ECF26800D03909 /* SceneDelegate.m in Sources */ = {isa = PBXBuildFile; fileRef = B76A783224ECF26800D03909 /* SceneDelegate.m */; };
		B76A783624ECF26800D03909 /* ViewController.m in Sources */ = {isa = PBXBuildFile; fileRef = B76A783524ECF26800D03909 /* ViewController.m */; };
		B76A783924ECF26800D03909 /* Main.storyboard in Resources */ = {isa = PBXBuildFile; fileRef = B76A783724ECF26800D03909 /* Main.storyboard */; };
		B76A783B24ECF26A00D03909 /* Assets.xcassets in Resources */ = {isa = PBXBuildFile; fileRef = B76A783A24ECF26A00D03909 /* Assets.xcassets */; };
		B76A783E24ECF26A00D03909 /* LaunchScreen.storyboard in Resources */ = {isa = PBXBuildFile; fileRef = B76A783C24ECF26A00D03909 /* LaunchScreen.storyboard */; };
		B76A784124ECF26A00D03909 /* main.m in Sources */ = {isa = PBXBuildFile; fileRef = B76A784024ECF26A00D03909 /* main.m */; };
		B76A784B24ECF26A00D03909 /* ExampleTests.m in Sources */ = {isa = PBXBuildFile; fileRef = B76A784A24ECF26A00D03909 /* ExampleTests.m */; };
		B76A785624ECF26A00D03909 /* ExampleUITests.m in Sources */ = {isa = PBXBuildFile; fileRef = B76A785524ECF26A00D03909 /* ExampleUITests.m */; };
		C21E3E1095F4DC6F99C09CED /* libPods-ExampleUITests.a in Frameworks */ = {isa = PBXBuildFile; fileRef = 66FDF15C059084A9D394E8D9 /* libPods-ExampleUITests.a */; };
/* End PBXBuildFile section */

/* Begin PBXContainerItemProxy section */
		B76A784724ECF26A00D03909 /* PBXContainerItemProxy */ = {
			isa = PBXContainerItemProxy;
			containerPortal = B76A782324ECF26800D03909 /* Project object */;
			proxyType = 1;
			remoteGlobalIDString = B76A782A24ECF26800D03909;
			remoteInfo = Example;
		};
		B76A785224ECF26A00D03909 /* PBXContainerItemProxy */ = {
			isa = PBXContainerItemProxy;
			containerPortal = B76A782324ECF26800D03909 /* Project object */;
			proxyType = 1;
			remoteGlobalIDString = B76A782A24ECF26800D03909;
			remoteInfo = Example;
		};
/* End PBXContainerItemProxy section */

/* Begin PBXFileReference section */
		0415EBA8164485063CDB947F /* Pods-ExampleUITests.release.xcconfig */ = {isa = PBXFileReference; includeInIndex = 1; lastKnownFileType = text.xcconfig; name = "Pods-ExampleUITests.release.xcconfig"; path = "Target Support Files/Pods-ExampleUITests/Pods-ExampleUITests.release.xcconfig"; sourceTree = "<group>"; };
		5C136D953D8D74A2B395C87E /* libPods-ExampleTests.a */ = {isa = PBXFileReference; explicitFileType = archive.ar; includeInIndex = 0; path = "libPods-ExampleTests.a"; sourceTree = BUILT_PRODUCTS_DIR; };
		66FDF15C059084A9D394E8D9 /* libPods-ExampleUITests.a */ = {isa = PBXFileReference; explicitFileType = archive.ar; includeInIndex = 0; path = "libPods-ExampleUITests.a"; sourceTree = BUILT_PRODUCTS_DIR; };
		66FE20E44A286CE095158F4D /* libPods-Example.a */ = {isa = PBXFileReference; explicitFileType = archive.ar; includeInIndex = 0; path = "libPods-Example.a"; sourceTree = BUILT_PRODUCTS_DIR; };
		699F257844C9685AE08965CC /* Pods-ExampleTests.release.xcconfig */ = {isa = PBXFileReference; includeInIndex = 1; lastKnownFileType = text.xcconfig; name = "Pods-ExampleTests.release.xcconfig"; path = "Target Support Files/Pods-ExampleTests/Pods-ExampleTests.release.xcconfig"; sourceTree = "<group>"; };
		728FB4D9415E86B222B18B80 /* Pods-ExampleTests.debug.xcconfig */ = {isa = PBXFileReference; includeInIndex = 1; lastKnownFileType = text.xcconfig; name = "Pods-ExampleTests.debug.xcconfig"; path = "Target Support Files/Pods-ExampleTests/Pods-ExampleTests.debug.xcconfig"; sourceTree = "<group>"; };
		7800BC2A8CB2D0D1022FE622 /* Pods-ExampleUITests.debug.xcconfig */ = {isa = PBXFileReference; includeInIndex = 1; lastKnownFileType = text.xcconfig; name = "Pods-ExampleUITests.debug.xcconfig"; path = "Target Support Files/Pods-ExampleUITests/Pods-ExampleUITests.debug.xcconfig"; sourceTree = "<group>"; };
		9693D09A2D8814D60ACFD33F /* Pods-Example.debug.xcconfig */ = {isa = PBXFileReference; includeInIndex = 1; lastKnownFileType = text.xcconfig; name = "Pods-Example.debug.xcconfig"; path = "Target Support Files/Pods-Example/Pods-Example.debug.xcconfig"; sourceTree = "<group>"; };
		A3B214890870827C8ABABCBE /* Pods-Example.release.xcconfig */ = {isa = PBXFileReference; includeInIndex = 1; lastKnownFileType = text.xcconfig; name = "Pods-Example.release.xcconfig"; path = "Target Support Files/Pods-Example/Pods-Example.release.xcconfig"; sourceTree = "<group>"; };
		B76A782B24ECF26800D03909 /* Example.app */ = {isa = PBXFileReference; explicitFileType = wrapper.application; includeInIndex = 0; path = Example.app; sourceTree = BUILT_PRODUCTS_DIR; };
		B76A782E24ECF26800D03909 /* AppDelegate.h */ = {isa = PBXFileReference; lastKnownFileType = sourcecode.c.h; path = AppDelegate.h; sourceTree = "<group>"; };
		B76A782F24ECF26800D03909 /* AppDelegate.m */ = {isa = PBXFileReference; lastKnownFileType = sourcecode.c.objc; path = AppDelegate.m; sourceTree = "<group>"; };
		B76A783124ECF26800D03909 /* SceneDelegate.h */ = {isa = PBXFileReference; lastKnownFileType = sourcecode.c.h; path = SceneDelegate.h; sourceTree = "<group>"; };
		B76A783224ECF26800D03909 /* SceneDelegate.m */ = {isa = PBXFileReference; lastKnownFileType = sourcecode.c.objc; path = SceneDelegate.m; sourceTree = "<group>"; };
		B76A783424ECF26800D03909 /* ViewController.h */ = {isa = PBXFileReference; lastKnownFileType = sourcecode.c.h; path = ViewController.h; sourceTree = "<group>"; };
		B76A783524ECF26800D03909 /* ViewController.m */ = {isa = PBXFileReference; lastKnownFileType = sourcecode.c.objc; path = ViewController.m; sourceTree = "<group>"; };
		B76A783824ECF26800D03909 /* Base */ = {isa = PBXFileReference; lastKnownFileType = file.storyboard; name = Base; path = Base.lproj/Main.storyboard; sourceTree = "<group>"; };
		B76A783A24ECF26A00D03909 /* Assets.xcassets */ = {isa = PBXFileReference; lastKnownFileType = folder.assetcatalog; path = Assets.xcassets; sourceTree = "<group>"; };
		B76A783D24ECF26A00D03909 /* Base */ = {isa = PBXFileReference; lastKnownFileType = file.storyboard; name = Base; path = Base.lproj/LaunchScreen.storyboard; sourceTree = "<group>"; };
		B76A783F24ECF26A00D03909 /* Info.plist */ = {isa = PBXFileReference; lastKnownFileType = text.plist.xml; path = Info.plist; sourceTree = "<group>"; };
		B76A784024ECF26A00D03909 /* main.m */ = {isa = PBXFileReference; lastKnownFileType = sourcecode.c.objc; path = main.m; sourceTree = "<group>"; };
		B76A784624ECF26A00D03909 /* ExampleTests.xctest */ = {isa = PBXFileReference; explicitFileType = wrapper.cfbundle; includeInIndex = 0; path = ExampleTests.xctest; sourceTree = BUILT_PRODUCTS_DIR; };
		B76A784A24ECF26A00D03909 /* ExampleTests.m */ = {isa = PBXFileReference; lastKnownFileType = sourcecode.c.objc; path = ExampleTests.m; sourceTree = "<group>"; };
		B76A784C24ECF26A00D03909 /* Info.plist */ = {isa = PBXFileReference; lastKnownFileType = text.plist.xml; path = Info.plist; sourceTree = "<group>"; };
		B76A785124ECF26A00D03909 /* ExampleUITests.xctest */ = {isa = PBXFileReference; explicitFileType = wrapper.cfbundle; includeInIndex = 0; path = ExampleUITests.xctest; sourceTree = BUILT_PRODUCTS_DIR; };
		B76A785524ECF26A00D03909 /* ExampleUITests.m */ = {isa = PBXFileReference; lastKnownFileType = sourcecode.c.objc; path = ExampleUITests.m; sourceTree = "<group>"; };
		B76A785724ECF26A00D03909 /* Info.plist */ = {isa = PBXFileReference; lastKnownFileType = text.plist.xml; path = Info.plist; sourceTree = "<group>"; };
/* End PBXFileReference section */

/* Begin PBXFrameworksBuildPhase section */
		B76A782824ECF26800D03909 /* Frameworks */ = {
			isa = PBXFrameworksBuildPhase;
			buildActionMask = 2147483647;
			files = (
				58B161DDE3389A3C87AEE598 /* libPods-Example.a in Frameworks */,
			);
			runOnlyForDeploymentPostprocessing = 0;
		};
		B76A784324ECF26A00D03909 /* Frameworks */ = {
			isa = PBXFrameworksBuildPhase;
			buildActionMask = 2147483647;
			files = (
				6738F9D80202C672A7082C9F /* libPods-ExampleTests.a in Frameworks */,
			);
			runOnlyForDeploymentPostprocessing = 0;
		};
		B76A784E24ECF26A00D03909 /* Frameworks */ = {
			isa = PBXFrameworksBuildPhase;
			buildActionMask = 2147483647;
			files = (
				C21E3E1095F4DC6F99C09CED /* libPods-ExampleUITests.a in Frameworks */,
			);
			runOnlyForDeploymentPostprocessing = 0;
		};
/* End PBXFrameworksBuildPhase section */

/* Begin PBXGroup section */
		A7C9CB8FA2592A2B62066EEE /* Frameworks */ = {
			isa = PBXGroup;
			children = (
				66FE20E44A286CE095158F4D /* libPods-Example.a */,
				5C136D953D8D74A2B395C87E /* libPods-ExampleTests.a */,
				66FDF15C059084A9D394E8D9 /* libPods-ExampleUITests.a */,
			);
			name = Frameworks;
			sourceTree = "<group>";
		};
		B768800D656AC802BA20B385 /* Pods */ = {
			isa = PBXGroup;
			children = (
				9693D09A2D8814D60ACFD33F /* Pods-Example.debug.xcconfig */,
				A3B214890870827C8ABABCBE /* Pods-Example.release.xcconfig */,
				728FB4D9415E86B222B18B80 /* Pods-ExampleTests.debug.xcconfig */,
				699F257844C9685AE08965CC /* Pods-ExampleTests.release.xcconfig */,
				7800BC2A8CB2D0D1022FE622 /* Pods-ExampleUITests.debug.xcconfig */,
				0415EBA8164485063CDB947F /* Pods-ExampleUITests.release.xcconfig */,
			);
			name = Pods;
			path = Pods;
			sourceTree = "<group>";
		};
		B76A782224ECF26800D03909 = {
			isa = PBXGroup;
			children = (
				B76A782D24ECF26800D03909 /* Example */,
				B76A784924ECF26A00D03909 /* ExampleTests */,
				B76A785424ECF26A00D03909 /* ExampleUITests */,
				B76A782C24ECF26800D03909 /* Products */,
				B768800D656AC802BA20B385 /* Pods */,
				A7C9CB8FA2592A2B62066EEE /* Frameworks */,
			);
			sourceTree = "<group>";
		};
		B76A782C24ECF26800D03909 /* Products */ = {
			isa = PBXGroup;
			children = (
				B76A782B24ECF26800D03909 /* Example.app */,
				B76A784624ECF26A00D03909 /* ExampleTests.xctest */,
				B76A785124ECF26A00D03909 /* ExampleUITests.xctest */,
			);
			name = Products;
			sourceTree = "<group>";
		};
		B76A782D24ECF26800D03909 /* Example */ = {
			isa = PBXGroup;
			children = (
				B76A782E24ECF26800D03909 /* AppDelegate.h */,
				B76A782F24ECF26800D03909 /* AppDelegate.m */,
				B76A783124ECF26800D03909 /* SceneDelegate.h */,
				B76A783224ECF26800D03909 /* SceneDelegate.m */,
				B76A783424ECF26800D03909 /* ViewController.h */,
				B76A783524ECF26800D03909 /* ViewController.m */,
				B76A783724ECF26800D03909 /* Main.storyboard */,
				B76A783A24ECF26A00D03909 /* Assets.xcassets */,
				B76A783C24ECF26A00D03909 /* LaunchScreen.storyboard */,
				B76A783F24ECF26A00D03909 /* Info.plist */,
				B76A784024ECF26A00D03909 /* main.m */,
			);
			path = Example;
			sourceTree = "<group>";
		};
		B76A784924ECF26A00D03909 /* ExampleTests */ = {
			isa = PBXGroup;
			children = (
				B76A784A24ECF26A00D03909 /* ExampleTests.m */,
				B76A784C24ECF26A00D03909 /* Info.plist */,
			);
			path = ExampleTests;
			sourceTree = "<group>";
		};
		B76A785424ECF26A00D03909 /* ExampleUITests */ = {
			isa = PBXGroup;
			children = (
				B76A785524ECF26A00D03909 /* ExampleUITests.m */,
				B76A785724ECF26A00D03909 /* Info.plist */,
			);
			path = ExampleUITests;
			sourceTree = "<group>";
		};
/* End PBXGroup section */

/* Begin PBXNativeTarget section */
		B76A782A24ECF26800D03909 /* Example */ = {
			isa = PBXNativeTarget;
			buildConfigurationList = B76A785A24ECF26A00D03909 /* Build configuration list for PBXNativeTarget "Example" */;
			buildPhases = (
				869B701C55B7ADACFC1CBF27 /* [CP] Check Pods Manifest.lock */,
				B76A782724ECF26800D03909 /* Sources */,
				B76A782824ECF26800D03909 /* Frameworks */,
				B76A782924ECF26800D03909 /* Resources */,
			);
			buildRules = (
			);
			dependencies = (
			);
			name = Example;
			productName = Example;
			productReference = B76A782B24ECF26800D03909 /* Example.app */;
			productType = "com.apple.product-type.application";
		};
		B76A784524ECF26A00D03909 /* ExampleTests */ = {
			isa = PBXNativeTarget;
			buildConfigurationList = B76A785D24ECF26A00D03909 /* Build configuration list for PBXNativeTarget "ExampleTests" */;
			buildPhases = (
				9CD095413CEC299FEC142B0D /* [CP] Check Pods Manifest.lock */,
				B76A784224ECF26A00D03909 /* Sources */,
				B76A784324ECF26A00D03909 /* Frameworks */,
				B76A784424ECF26A00D03909 /* Resources */,
			);
			buildRules = (
			);
			dependencies = (
				B76A784824ECF26A00D03909 /* PBXTargetDependency */,
			);
			name = ExampleTests;
			productName = ExampleTests;
			productReference = B76A784624ECF26A00D03909 /* ExampleTests.xctest */;
			productType = "com.apple.product-type.bundle.unit-test";
		};
		B76A785024ECF26A00D03909 /* ExampleUITests */ = {
			isa = PBXNativeTarget;
			buildConfigurationList = B76A786024ECF26A00D03909 /* Build configuration list for PBXNativeTarget "ExampleUITests" */;
			buildPhases = (
				015A29B320A3EEDA2721BEFB /* [CP] Check Pods Manifest.lock */,
				B76A784D24ECF26A00D03909 /* Sources */,
				B76A784E24ECF26A00D03909 /* Frameworks */,
				B76A784F24ECF26A00D03909 /* Resources */,
			);
			buildRules = (
			);
			dependencies = (
				B76A785324ECF26A00D03909 /* PBXTargetDependency */,
			);
			name = ExampleUITests;
			productName = ExampleUITests;
			productReference = B76A785124ECF26A00D03909 /* ExampleUITests.xctest */;
			productType = "com.apple.product-type.bundle.ui-testing";
		};
/* End PBXNativeTarget section */

/* Begin PBXProject section */
		B76A782324ECF26800D03909 /* Project object */ = {
			isa = PBXProject;
			attributes = {
				LastUpgradeCheck = 1110;
				ORGANIZATIONNAME = hang_pan;
				TargetAttributes = {
					B76A782A24ECF26800D03909 = {
						CreatedOnToolsVersion = 11.1;
					};
					B76A784524ECF26A00D03909 = {
						CreatedOnToolsVersion = 11.1;
						TestTargetID = B76A782A24ECF26800D03909;
					};
					B76A785024ECF26A00D03909 = {
						CreatedOnToolsVersion = 11.1;
						TestTargetID = B76A782A24ECF26800D03909;
					};
				};
			};
			buildConfigurationList = B76A782624ECF26800D03909 /* Build configuration list for PBXProject "Example" */;
			compatibilityVersion = "Xcode 9.3";
			developmentRegion = en;
			hasScannedForEncodings = 0;
			knownRegions = (
				en,
				Base,
			);
			mainGroup = B76A782224ECF26800D03909;
			productRefGroup = B76A782C24ECF26800D03909 /* Products */;
			projectDirPath = "";
			projectRoot = "";
			targets = (
				B76A782A24ECF26800D03909 /* Example */,
				B76A784524ECF26A00D03909 /* ExampleTests */,
				B76A785024ECF26A00D03909 /* ExampleUITests */,
			);
		};
/* End PBXProject section */

/* Begin PBXResourcesBuildPhase section */
		B76A782924ECF26800D03909 /* Resources */ = {
			isa = PBXResourcesBuildPhase;
			buildActionMask = 2147483647;
			files = (
				B76A783E24ECF26A00D03909 /* LaunchScreen.storyboard in Resources */,
				B76A783B24ECF26A00D03909 /* Assets.xcassets in Resources */,
				B76A783924ECF26800D03909 /* Main.storyboard in Resources */,
			);
			runOnlyForDeploymentPostprocessing = 0;
		};
		B76A784424ECF26A00D03909 /* Resources */ = {
			isa = PBXResourcesBuildPhase;
			buildActionMask = 2147483647;
			files = (
			);
			runOnlyForDeploymentPostprocessing = 0;
		};
		B76A784F24ECF26A00D03909 /* Resources */ = {
			isa = PBXResourcesBuildPhase;
			buildActionMask = 2147483647;
			files = (
			);
			runOnlyForDeploymentPostprocessing = 0;
		};
/* End PBXResourcesBuildPhase section */

/* Begin PBXShellScriptBuildPhase section */
		015A29B320A3EEDA2721BEFB /* [CP] Check Pods Manifest.lock */ = {
			isa = PBXShellScriptBuildPhase;
			buildActionMask = 2147483647;
			files = (
			);
			inputFileListPaths = (
			);
			inputPaths = (
				"${PODS_PODFILE_DIR_PATH}/Podfile.lock",
				"${PODS_ROOT}/Manifest.lock",
			);
			name = "[CP] Check Pods Manifest.lock";
			outputFileListPaths = (
			);
			outputPaths = (
				"$(DERIVED_FILE_DIR)/Pods-ExampleUITests-checkManifestLockResult.txt",
			);
			runOnlyForDeploymentPostprocessing = 0;
			shellPath = /bin/sh;
			shellScript = "diff \"${PODS_PODFILE_DIR_PATH}/Podfile.lock\" \"${PODS_ROOT}/Manifest.lock\" > /dev/null\nif [ $? != 0 ] ; then\n    # print error to STDERR\n    echo \"error: The sandbox is not in sync with the Podfile.lock. Run 'pod install' or update your CocoaPods installation.\" >&2\n    exit 1\nfi\n# This output is used by Xcode 'outputs' to avoid re-running this script phase.\necho \"SUCCESS\" > \"${SCRIPT_OUTPUT_FILE_0}\"\n";
			showEnvVarsInLog = 0;
		};
		869B701C55B7ADACFC1CBF27 /* [CP] Check Pods Manifest.lock */ = {
			isa = PBXShellScriptBuildPhase;
			buildActionMask = 2147483647;
			files = (
			);
			inputFileListPaths = (
			);
			inputPaths = (
				"${PODS_PODFILE_DIR_PATH}/Podfile.lock",
				"${PODS_ROOT}/Manifest.lock",
			);
			name = "[CP] Check Pods Manifest.lock";
			outputFileListPaths = (
			);
			outputPaths = (
				"$(DERIVED_FILE_DIR)/Pods-Example-checkManifestLockResult.txt",
			);
			runOnlyForDeploymentPostprocessing = 0;
			shellPath = /bin/sh;
			shellScript = "diff \"${PODS_PODFILE_DIR_PATH}/Podfile.lock\" \"${PODS_ROOT}/Manifest.lock\" > /dev/null\nif [ $? != 0 ] ; then\n    # print error to STDERR\n    echo \"error: The sandbox is not in sync with the Podfile.lock. Run 'pod install' or update your CocoaPods installation.\" >&2\n    exit 1\nfi\n# This output is used by Xcode 'outputs' to avoid re-running this script phase.\necho \"SUCCESS\" > \"${SCRIPT_OUTPUT_FILE_0}\"\n";
			showEnvVarsInLog = 0;
		};
		9CD095413CEC299FEC142B0D /* [CP] Check Pods Manifest.lock */ = {
			isa = PBXShellScriptBuildPhase;
			buildActionMask = 2147483647;
			files = (
			);
			inputFileListPaths = (
			);
			inputPaths = (
				"${PODS_PODFILE_DIR_PATH}/Podfile.lock",
				"${PODS_ROOT}/Manifest.lock",
			);
			name = "[CP] Check Pods Manifest.lock";
			outputFileListPaths = (
			);
			outputPaths = (
				"$(DERIVED_FILE_DIR)/Pods-ExampleTests-checkManifestLockResult.txt",
			);
			runOnlyForDeploymentPostprocessing = 0;
			shellPath = /bin/sh;
			shellScript = "diff \"${PODS_PODFILE_DIR_PATH}/Podfile.lock\" \"${PODS_ROOT}/Manifest.lock\" > /dev/null\nif [ $? != 0 ] ; then\n    # print error to STDERR\n    echo \"error: The sandbox is not in sync with the Podfile.lock. Run 'pod install' or update your CocoaPods installation.\" >&2\n    exit 1\nfi\n# This output is used by Xcode 'outputs' to avoid re-running this script phase.\necho \"SUCCESS\" > \"${SCRIPT_OUTPUT_FILE_0}\"\n";
			showEnvVarsInLog = 0;
		};
/* End PBXShellScriptBuildPhase section */

/* Begin PBXSourcesBuildPhase section */
		B76A782724ECF26800D03909 /* Sources */ = {
			isa = PBXSourcesBuildPhase;
			buildActionMask = 2147483647;
			files = (
				B76A783624ECF26800D03909 /* ViewController.m in Sources */,
				B76A783024ECF26800D03909 /* AppDelegate.m in Sources */,
				B76A784124ECF26A00D03909 /* main.m in Sources */,
				B76A783324ECF26800D03909 /* SceneDelegate.m in Sources */,
			);
			runOnlyForDeploymentPostprocessing = 0;
		};
		B76A784224ECF26A00D03909 /* Sources */ = {
			isa = PBXSourcesBuildPhase;
			buildActionMask = 2147483647;
			files = (
				B76A784B24ECF26A00D03909 /* ExampleTests.m in Sources */,
			);
			runOnlyForDeploymentPostprocessing = 0;
		};
		B76A784D24ECF26A00D03909 /* Sources */ = {
			isa = PBXSourcesBuildPhase;
			buildActionMask = 2147483647;
			files = (
				B76A785624ECF26A00D03909 /* ExampleUITests.m in Sources */,
			);
			runOnlyForDeploymentPostprocessing = 0;
		};
/* End PBXSourcesBuildPhase section */

/* Begin PBXTargetDependency section */
		B76A784824ECF26A00D03909 /* PBXTargetDependency */ = {
			isa = PBXTargetDependency;
			target = B76A782A24ECF26800D03909 /* Example */;
			targetProxy = B76A784724ECF26A00D03909 /* PBXContainerItemProxy */;
		};
		B76A785324ECF26A00D03909 /* PBXTargetDependency */ = {
			isa = PBXTargetDependency;
			target = B76A782A24ECF26800D03909 /* Example */;
			targetProxy = B76A785224ECF26A00D03909 /* PBXContainerItemProxy */;
		};
/* End PBXTargetDependency section */

/* Begin PBXVariantGroup section */
		B76A783724ECF26800D03909 /* Main.storyboard */ = {
			isa = PBXVariantGroup;
			children = (
				B76A783824ECF26800D03909 /* Base */,
			);
			name = Main.storyboard;
			sourceTree = "<group>";
		};
		B76A783C24ECF26A00D03909 /* LaunchScreen.storyboard */ = {
			isa = PBXVariantGroup;
			children = (
				B76A783D24ECF26A00D03909 /* Base */,
			);
			name = LaunchScreen.storyboard;
			sourceTree = "<group>";
		};
/* End PBXVariantGroup section */

/* Begin XCBuildConfiguration section */
		B76A785824ECF26A00D03909 /* Debug */ = {
			isa = XCBuildConfiguration;
			buildSettings = {
				ALWAYS_SEARCH_USER_PATHS = NO;
				CLANG_ANALYZER_NONNULL = YES;
				CLANG_ANALYZER_NUMBER_OBJECT_CONVERSION = YES_AGGRESSIVE;
				CLANG_CXX_LANGUAGE_STANDARD = "gnu++14";
				CLANG_CXX_LIBRARY = "libc++";
				CLANG_ENABLE_MODULES = YES;
				CLANG_ENABLE_OBJC_ARC = YES;
				CLANG_ENABLE_OBJC_WEAK = YES;
				CLANG_WARN_BLOCK_CAPTURE_AUTORELEASING = YES;
				CLANG_WARN_BOOL_CONVERSION = YES;
				CLANG_WARN_COMMA = YES;
				CLANG_WARN_CONSTANT_CONVERSION = YES;
				CLANG_WARN_DEPRECATED_OBJC_IMPLEMENTATIONS = YES;
				CLANG_WARN_DIRECT_OBJC_ISA_USAGE = YES_ERROR;
				CLANG_WARN_DOCUMENTATION_COMMENTS = YES;
				CLANG_WARN_EMPTY_BODY = YES;
				CLANG_WARN_ENUM_CONVERSION = YES;
				CLANG_WARN_INFINITE_RECURSION = YES;
				CLANG_WARN_INT_CONVERSION = YES;
				CLANG_WARN_NON_LITERAL_NULL_CONVERSION = YES;
				CLANG_WARN_OBJC_IMPLICIT_RETAIN_SELF = YES;
				CLANG_WARN_OBJC_LITERAL_CONVERSION = YES;
				CLANG_WARN_OBJC_ROOT_CLASS = YES_ERROR;
				CLANG_WARN_RANGE_LOOP_ANALYSIS = YES;
				CLANG_WARN_STRICT_PROTOTYPES = YES;
				CLANG_WARN_SUSPICIOUS_MOVE = YES;
				CLANG_WARN_UNGUARDED_AVAILABILITY = YES_AGGRESSIVE;
				CLANG_WARN_UNREACHABLE_CODE = YES;
				CLANG_WARN__DUPLICATE_METHOD_MATCH = YES;
				COPY_PHASE_STRIP = NO;
				DEBUG_INFORMATION_FORMAT = dwarf;
				ENABLE_STRICT_OBJC_MSGSEND = YES;
				ENABLE_TESTABILITY = YES;
				GCC_C_LANGUAGE_STANDARD = gnu11;
				GCC_DYNAMIC_NO_PIC = NO;
				GCC_NO_COMMON_BLOCKS = YES;
				GCC_OPTIMIZATION_LEVEL = 0;
				GCC_PREPROCESSOR_DEFINITIONS = (
					"DEBUG=1",
					"$(inherited)",
				);
				GCC_WARN_64_TO_32_BIT_CONVERSION = YES;
				GCC_WARN_ABOUT_RETURN_TYPE = YES_ERROR;
				GCC_WARN_UNDECLARED_SELECTOR = YES;
				GCC_WARN_UNINITIALIZED_AUTOS = YES_AGGRESSIVE;
				GCC_WARN_UNUSED_FUNCTION = YES;
				GCC_WARN_UNUSED_VARIABLE = YES;
				IPHONEOS_DEPLOYMENT_TARGET = 13.1;
				MTL_ENABLE_DEBUG_INFO = INCLUDE_SOURCE;
				MTL_FAST_MATH = YES;
				ONLY_ACTIVE_ARCH = YES;
				SDKROOT = iphoneos;
			};
			name = Debug;
		};
		B76A785924ECF26A00D03909 /* Release */ = {
			isa = XCBuildConfiguration;
			buildSettings = {
				ALWAYS_SEARCH_USER_PATHS = NO;
				CLANG_ANALYZER_NONNULL = YES;
				CLANG_ANALYZER_NUMBER_OBJECT_CONVERSION = YES_AGGRESSIVE;
				CLANG_CXX_LANGUAGE_STANDARD = "gnu++14";
				CLANG_CXX_LIBRARY = "libc++";
				CLANG_ENABLE_MODULES = YES;
				CLANG_ENABLE_OBJC_ARC = YES;
				CLANG_ENABLE_OBJC_WEAK = YES;
				CLANG_WARN_BLOCK_CAPTURE_AUTORELEASING = YES;
				CLANG_WARN_BOOL_CONVERSION = YES;
				CLANG_WARN_COMMA = YES;
				CLANG_WARN_CONSTANT_CONVERSION = YES;
				CLANG_WARN_DEPRECATED_OBJC_IMPLEMENTATIONS = YES;
				CLANG_WARN_DIRECT_OBJC_ISA_USAGE = YES_ERROR;
				CLANG_WARN_DOCUMENTATION_COMMENTS = YES;
				CLANG_WARN_EMPTY_BODY = YES;
				CLANG_WARN_ENUM_CONVERSION = YES;
				CLANG_WARN_INFINITE_RECURSION = YES;
				CLANG_WARN_INT_CONVERSION = YES;
				CLANG_WARN_NON_LITERAL_NULL_CONVERSION = YES;
				CLANG_WARN_OBJC_IMPLICIT_RETAIN_SELF = YES;
				CLANG_WARN_OBJC_LITERAL_CONVERSION = YES;
				CLANG_WARN_OBJC_ROOT_CLASS = YES_ERROR;
				CLANG_WARN_RANGE_LOOP_ANALYSIS = YES;
				CLANG_WARN_STRICT_PROTOTYPES = YES;
				CLANG_WARN_SUSPICIOUS_MOVE = YES;
				CLANG_WARN_UNGUARDED_AVAILABILITY = YES_AGGRESSIVE;
				CLANG_WARN_UNREACHABLE_CODE = YES;
				CLANG_WARN__DUPLICATE_METHOD_MATCH = YES;
				COPY_PHASE_STRIP = NO;
				DEBUG_INFORMATION_FORMAT = "dwarf-with-dsym";
				ENABLE_NS_ASSERTIONS = NO;
				ENABLE_STRICT_OBJC_MSGSEND = YES;
				GCC_C_LANGUAGE_STANDARD = gnu11;
				GCC_NO_COMMON_BLOCKS = YES;
				GCC_WARN_64_TO_32_BIT_CONVERSION = YES;
				GCC_WARN_ABOUT_RETURN_TYPE = YES_ERROR;
				GCC_WARN_UNDECLARED_SELECTOR = YES;
				GCC_WARN_UNINITIALIZED_AUTOS = YES_AGGRESSIVE;
				GCC_WARN_UNUSED_FUNCTION = YES;
				GCC_WARN_UNUSED_VARIABLE = YES;
				IPHONEOS_DEPLOYMENT_TARGET = 13.1;
				MTL_ENABLE_DEBUG_INFO = NO;
				MTL_FAST_MATH = YES;
				SDKROOT = iphoneos;
				VALIDATE_PRODUCT = YES;
			};
			name = Release;
		};
		B76A785B24ECF26A00D03909 /* Debug */ = {
			isa = XCBuildConfiguration;
			baseConfigurationReference = 9693D09A2D8814D60ACFD33F /* Pods-Example.debug.xcconfig */;
			buildSettings = {
				ASSETCATALOG_COMPILER_APPICON_NAME = AppIcon;
				CODE_SIGN_STYLE = Automatic;
				INFOPLIST_FILE = Example/Info.plist;
				LD_RUNPATH_SEARCH_PATHS = (
					"$(inherited)",
					"@executable_path/Frameworks",
				);
				PRODUCT_BUNDLE_IDENTIFIER = "com.pn-x.Example";
				PRODUCT_NAME = "$(TARGET_NAME)";
				TARGETED_DEVICE_FAMILY = "1,2";
			};
			name = Debug;
		};
		B76A785C24ECF26A00D03909 /* Release */ = {
			isa = XCBuildConfiguration;
			baseConfigurationReference = A3B214890870827C8ABABCBE /* Pods-Example.release.xcconfig */;
			buildSettings = {
				ASSETCATALOG_COMPILER_APPICON_NAME = AppIcon;
				CODE_SIGN_STYLE = Automatic;
				INFOPLIST_FILE = Example/Info.plist;
				LD_RUNPATH_SEARCH_PATHS = (
					"$(inherited)",
					"@executable_path/Frameworks",
				);
				PRODUCT_BUNDLE_IDENTIFIER = "com.pn-x.Example";
				PRODUCT_NAME = "$(TARGET_NAME)";
				TARGETED_DEVICE_FAMILY = "1,2";
			};
			name = Release;
		};
		B76A785E24ECF26A00D03909 /* Debug */ = {
			isa = XCBuildConfiguration;
			baseConfigurationReference = 728FB4D9415E86B222B18B80 /* Pods-ExampleTests.debug.xcconfig */;
			buildSettings = {
				BUNDLE_LOADER = "$(TEST_HOST)";
				CODE_SIGN_STYLE = Automatic;
				INFOPLIST_FILE = ExampleTests/Info.plist;
				IPHONEOS_DEPLOYMENT_TARGET = 13.1;
				LD_RUNPATH_SEARCH_PATHS = (
					"$(inherited)",
					"@executable_path/Frameworks",
					"@loader_path/Frameworks",
				);
				PRODUCT_BUNDLE_IDENTIFIER = "com.pn-x.ExampleTests";
				PRODUCT_NAME = "$(TARGET_NAME)";
				TARGETED_DEVICE_FAMILY = "1,2";
				TEST_HOST = "$(BUILT_PRODUCTS_DIR)/Example.app/Example";
			};
			name = Debug;
		};
		B76A785F24ECF26A00D03909 /* Release */ = {
			isa = XCBuildConfiguration;
			baseConfigurationReference = 699F257844C9685AE08965CC /* Pods-ExampleTests.release.xcconfig */;
			buildSettings = {
				BUNDLE_LOADER = "$(TEST_HOST)";
				CODE_SIGN_STYLE = Automatic;
				INFOPLIST_FILE = ExampleTests/Info.plist;
				IPHONEOS_DEPLOYMENT_TARGET = 13.1;
				LD_RUNPATH_SEARCH_PATHS = (
					"$(inherited)",
					"@executable_path/Frameworks",
					"@loader_path/Frameworks",
				);
				PRODUCT_BUNDLE_IDENTIFIER = "com.pn-x.ExampleTests";
				PRODUCT_NAME = "$(TARGET_NAME)";
				TARGETED_DEVICE_FAMILY = "1,2";
				TEST_HOST = "$(BUILT_PRODUCTS_DIR)/Example.app/Example";
			};
			name = Release;
		};
		B76A786124ECF26A00D03909 /* Debug */ = {
			isa = XCBuildConfiguration;
			baseConfigurationReference = 7800BC2A8CB2D0D1022FE622 /* Pods-ExampleUITests.debug.xcconfig */;
			buildSettings = {
				CODE_SIGN_STYLE = Automatic;
				INFOPLIST_FILE = ExampleUITests/Info.plist;
				LD_RUNPATH_SEARCH_PATHS = (
					"$(inherited)",
					"@executable_path/Frameworks",
					"@loader_path/Frameworks",
				);
				PRODUCT_BUNDLE_IDENTIFIER = "com.pn-x.ExampleUITests";
				PRODUCT_NAME = "$(TARGET_NAME)";
				TARGETED_DEVICE_FAMILY = "1,2";
				TEST_TARGET_NAME = Example;
			};
			name = Debug;
		};
		B76A786224ECF26A00D03909 /* Release */ = {
			isa = XCBuildConfiguration;
			baseConfigurationReference = 0415EBA8164485063CDB947F /* Pods-ExampleUITests.release.xcconfig */;
			buildSettings = {
				CODE_SIGN_STYLE = Automatic;
				INFOPLIST_FILE = ExampleUITests/Info.plist;
				LD_RUNPATH_SEARCH_PATHS = (
					"$(inherited)",
					"@executable_path/Frameworks",
					"@loader_path/Frameworks",
				);
				PRODUCT_BUNDLE_IDENTIFIER = "com.pn-x.ExampleUITests";
				PRODUCT_NAME = "$(TARGET_NAME)";
				TARGETED_DEVICE_FAMILY = "1,2";
				TEST_TARGET_NAME = Example;
			};
			name = Release;
		};
/* End XCBuildConfiguration section */

/* Begin XCConfigurationList section */
		B76A782624ECF26800D03909 /* Build configuration list for PBXProject "Example" */ = {
			isa = XCConfigurationList;
			buildConfigurations = (
				B76A785824ECF26A00D03909 /* Debug */,
				B76A785924ECF26A00D03909 /* Release */,
			);
			defaultConfigurationIsVisible = 0;
			defaultConfigurationName = Release;
		};
		B76A785A24ECF26A00D03909 /* Build configuration list for PBXNativeTarget "Example" */ = {
			isa = XCConfigurationList;
			buildConfigurations = (
				B76A785B24ECF26A00D03909 /* Debug */,
				B76A785C24ECF26A00D03909 /* Release */,
			);
			defaultConfigurationIsVisible = 0;
			defaultConfigurationName = Release;
		};
		B76A785D24ECF26A00D03909 /* Build configuration list for PBXNativeTarget "ExampleTests" */ = {
			isa = XCConfigurationList;
			buildConfigurations = (
				B76A785E24ECF26A00D03909 /* Debug */,
				B76A785F24ECF26A00D03909 /* Release */,
			);
			defaultConfigurationIsVisible = 0;
			defaultConfigurationName = Release;
		};
		B76A786024ECF26A00D03909 /* Build configuration list for PBXNativeTarget "ExampleUITests" */ = {
			isa = XCConfigurationList;
			buildConfigurations = (
				B76A786124ECF26A00D03909 /* Debug */,
				B76A786224ECF26A00D03909 /* Release */,
			);
			defaultConfigurationIsVisible = 0;
			defaultConfigurationName = Release;
		};
/* End XCConfigurationList section */
	};
	rootObject = B76A782324ECF26800D03909 /* Project object */;
}
